
Microsoft Visual Studio Solution File, Format Version 12.00
# Visual Studio Version 17
VisualStudioVersion = 17.8.34330.188
MinimumVisualStudioVersion = 10.0.40219.1
Project("{FAE04EC0-301F-11D3-BF4B-00C04F79EFBC}") = "DemoJenkins", "DemoJenkins\DemoJenkins.csproj", "{12ED8432-CCDA-44A0-A43D-AC900F8E984D}"
EndProject
Project("{FAE04EC0-301F-11D3-BF4B-00C04F79EFBC}") = "TestProject4", "TestProject4\TestProject4.csproj", "{6F0077BD-EA53-4FFF-97C8-977892A61EBE}"
EndProject
Global
	GlobalSection(SolutionConfigurationPlatforms) = preSolution
		Debug|Any CPU = Debug|Any CPU
		Release|Any CPU = Release|Any CPU
	EndGlobalSection
	GlobalSection(ProjectConfigurationPlatforms) = postSolution
		{12ED8432-CCDA-44A0-A43D-AC900F8E984D}.Debug|Any CPU.ActiveCfg = Debug|Any CPU
		{12ED8432-CCDA-44A0-A43D-AC900F8E984D}.Debug|Any CPU.Build.0 = Debug|Any CPU
		{12ED8432-CCDA-44A0-A43D-AC900F8E984D}.Release|Any CPU.ActiveCfg = Release|Any CPU
		{12ED8432-CCDA-44A0-A43D-AC900F8E984D}.Release|Any CPU.Build.0 = Release|Any CPU
		{6F0077BD-EA53-4FFF-97C8-977892A61EBE}.Debug|Any CPU.ActiveCfg = Debug|Any CPU
		{6F0077BD-EA53-4FFF-97C8-977892A61EBE}.Debug|Any CPU.Build.0 = Debug|Any CPU
		{6F0077BD-EA53-4FFF-97C8-977892A61EBE}.Release|Any CPU.ActiveCfg = Release|Any CPU
		{6F0077BD-EA53-4FFF-97C8-977892A61EBE}.Release|Any CPU.Build.0 = Release|Any CPU
	EndGlobalSection
	GlobalSection(SolutionProperties) = preSolution
		HideSolutionNode = FALSE
	EndGlobalSection
	GlobalSection(ExtensibilityGlobals) = postSolution
		SolutionGuid = {F93F436F-EBD0-426E-8DA0-EC122F35457C}
	EndGlobalSection
EndGlobal
